
Microsoft Visual Studio Solution File, Format Version 12.00
# Visual Studio 14
VisualStudioVersion = 14.0.25420.1
MinimumVisualStudioVersion = 10.0.40219.1
Project("{FAE04EC0-301F-11D3-BF4B-00C04F79EFBC}") = "TextileNet Editor", "TextileNet Editor\TextileNet Editor.csproj", "{DE114D34-57E0-4348-8A56-4EB2BACCB9A0}"
EndProject
Project("{FAE04EC0-301F-11D3-BF4B-00C04F79EFBC}") = "TextileNet", "TextileNet\TextileNet.csproj", "{143674DB-9F2B-48B0-A2AA-1EA99FA580D0}"
EndProject
Project("{FAE04EC0-301F-11D3-BF4B-00C04F79EFBC}") = "TextileNetEditor Test", "TextileNetEditor Test\TextileNetEditor Test.csproj", "{446E945C-C004-408A-A400-01A995EB1094}"
EndProject
Project("{FAE04EC0-301F-11D3-BF4B-00C04F79EFBC}") = "TextileNet Test", "TextileNet Test\TextileNet Test.csproj", "{214AA08B-BC39-4D94-808D-EF6D325EB134}"
EndProject
Project("{FAE04EC0-301F-11D3-BF4B-00C04F79EFBC}") = "Cartif", "E:\Proyectos Visual\TFS2\Cartif\Cartif\Cartif\Cartif.csproj", "{302C6511-D900-4DA4-9DF1-ABBBAE96A0A0}"
EndProject
Project("{FAE04EC0-301F-11D3-BF4B-00C04F79EFBC}") = "Test", "Test\Test.csproj", "{FC3860B2-C6FE-4D27-A538-8E67F0B58D87}"
EndProject
Global
	GlobalSection(SolutionConfigurationPlatforms) = preSolution
		Debug|Any CPU = Debug|Any CPU
		Release|Any CPU = Release|Any CPU
	EndGlobalSection
	GlobalSection(ProjectConfigurationPlatforms) = postSolution
		{DE114D34-57E0-4348-8A56-4EB2BACCB9A0}.Debug|Any CPU.ActiveCfg = Debug|Any CPU
		{DE114D34-57E0-4348-8A56-4EB2BACCB9A0}.Debug|Any CPU.Build.0 = Debug|Any CPU
		{DE114D34-57E0-4348-8A56-4EB2BACCB9A0}.Release|Any CPU.ActiveCfg = Release|Any CPU
		{DE114D34-57E0-4348-8A56-4EB2BACCB9A0}.Release|Any CPU.Build.0 = Release|Any CPU
		{143674DB-9F2B-48B0-A2AA-1EA99FA580D0}.Debug|Any CPU.ActiveCfg = Debug|Any CPU
		{143674DB-9F2B-48B0-A2AA-1EA99FA580D0}.Debug|Any CPU.Build.0 = Debug|Any CPU
		{143674DB-9F2B-48B0-A2AA-1EA99FA580D0}.Release|Any CPU.ActiveCfg = Release|Any CPU
		{143674DB-9F2B-48B0-A2AA-1EA99FA580D0}.Release|Any CPU.Build.0 = Release|Any CPU
		{446E945C-C004-408A-A400-01A995EB1094}.Debug|Any CPU.ActiveCfg = Debug|Any CPU
		{446E945C-C004-408A-A400-01A995EB1094}.Debug|Any CPU.Build.0 = Debug|Any CPU
		{446E945C-C004-408A-A400-01A995EB1094}.Release|Any CPU.ActiveCfg = Release|Any CPU
		{446E945C-C004-408A-A400-01A995EB1094}.Release|Any CPU.Build.0 = Release|Any CPU
		{214AA08B-BC39-4D94-808D-EF6D325EB134}.Debug|Any CPU.ActiveCfg = Debug|Any CPU
		{214AA08B-BC39-4D94-808D-EF6D325EB134}.Debug|Any CPU.Build.0 = Debug|Any CPU
		{214AA08B-BC39-4D94-808D-EF6D325EB134}.Release|Any CPU.ActiveCfg = Release|Any CPU
		{214AA08B-BC39-4D94-808D-EF6D325EB134}.Release|Any CPU.Build.0 = Release|Any CPU
		{302C6511-D900-4DA4-9DF1-ABBBAE96A0A0}.Debug|Any CPU.ActiveCfg = Debug|Any CPU
		{302C6511-D900-4DA4-9DF1-ABBBAE96A0A0}.Debug|Any CPU.Build.0 = Debug|Any CPU
		{302C6511-D900-4DA4-9DF1-ABBBAE96A0A0}.Release|Any CPU.ActiveCfg = Release|Any CPU
		{302C6511-D900-4DA4-9DF1-ABBBAE96A0A0}.Release|Any CPU.Build.0 = Release|Any CPU
		{FC3860B2-C6FE-4D27-A538-8E67F0B58D87}.Debug|Any CPU.ActiveCfg = Debug|Any CPU
		{FC3860B2-C6FE-4D27-A538-8E67F0B58D87}.Debug|Any CPU.Build.0 = Debug|Any CPU
		{FC3860B2-C6FE-4D27-A538-8E67F0B58D87}.Release|Any CPU.ActiveCfg = Release|Any CPU
		{FC3860B2-C6FE-4D27-A538-8E67F0B58D87}.Release|Any CPU.Build.0 = Release|Any CPU
	EndGlobalSection
	GlobalSection(SolutionProperties) = preSolution
		HideSolutionNode = FALSE
	EndGlobalSection
EndGlobal
